
Microsoft Visual Studio Solution File, Format Version 12.00
# Visual Studio Version 17
VisualStudioVersion = 17.1.32421.90
MinimumVisualStudioVersion = 10.0.40219.1
Project("{FAE04EC0-301F-11D3-BF4B-00C04F79EFBC}") = "SchoolManagement", "SchoolManagement\SchoolManagement.csproj", "{77794583-975C-47D7-A19C-F6B7D659DA93}"
EndProject
Global
	GlobalSection(SolutionConfigurationPlatforms) = preSolution
		Debug|Any CPU = Debug|Any CPU
		Release|Any CPU = Release|Any CPU
	EndGlobalSection
	GlobalSection(ProjectConfigurationPlatforms) = postSolution
		{77794583-975C-47D7-A19C-F6B7D659DA93}.Debug|Any CPU.ActiveCfg = Debug|Any CPU
		{77794583-975C-47D7-A19C-F6B7D659DA93}.Debug|Any CPU.Build.0 = Debug|Any CPU
		{77794583-975C-47D7-A19C-F6B7D659DA93}.Release|Any CPU.ActiveCfg = Release|Any CPU
		{77794583-975C-47D7-A19C-F6B7D659DA93}.Release|Any CPU.Build.0 = Release|Any CPU
	EndGlobalSection
	GlobalSection(SolutionProperties) = preSolution
		HideSolutionNode = FALSE
	EndGlobalSection
	GlobalSection(ExtensibilityGlobals) = postSolution
		SolutionGuid = {FA1EEE87-B632-4094-BE59-0B41F205118C}
	EndGlobalSection
EndGlobal
